<?xml version="1.0" encoding="utf-8"?>
<Project ToolsVersion="4.0" xmlns="http://schemas.microsoft.com/developer/msbuild/2003">
  <ItemGroup>
    <ClCompile Include="App.cpp" />
    <ClCompile Include="main.cpp" />
    <ClCompile Include="SDLEvent.cpp" />
    <ClCompile Include="TimeManager.cpp" />
    <ClCompile Include="stb_image.c" />
    <ClCompile Include="Player.cpp">
      <Filter>Engine\Source files</Filter>
    </ClCompile>
    <ClCompile Include="Vector2.cpp">
      <Filter>Engine\Source files</Filter>
    </ClCompile>
    <ClCompile Include="Vector3.cpp">
      <Filter>Engine\Source files</Filter>
    </ClCompile>
    <ClCompile Include="Vector4.cpp">
      <Filter>Engine\Source files</Filter>
    </ClCompile>
    <ClCompile Include="Color.cpp">
      <Filter>ex_utilities\Source files</Filter>
    </ClCompile>
    <ClCompile Include="MathUtilities.cpp">
      <Filter>ex_utilities\Source files</Filter>
    </ClCompile>
    <ClCompile Include="Palet.cpp">
      <Filter>ex_utilities\Source files</Filter>
    </ClCompile>
    <ClCompile Include="Asteroid.cpp">
      <Filter>Engine\Source files</Filter>
    </ClCompile>
    <ClCompile Include="Entity.cpp">
      <Filter>Engine\Source files</Filter>
    </ClCompile>
    <ClCompile Include="Bullet.cpp">
      <Filter>Engine\Source files</Filter>
    </ClCompile>
    <ClCompile Include="InputManager.cpp">
      <Filter>ex_utilities\Source files</Filter>
    </ClCompile>
    <ClCompile Include="Missile.cpp">
      <Filter>Engine\Source files</Filter>
    </ClCompile>
    <ClCompile Include="TextRenderer.cpp">
      <Filter>ex_utilities\Source files</Filter>
    </ClCompile>
  </ItemGroup>
  <ItemGroup>
    <ClInclude Include="App.hpp" />
    <ClInclude Include="SDLEvent.hpp" />
    <ClInclude Include="TimeManager.hpp" />
    <ClInclude Include="Player.hpp">
      <Filter>Engine\Header files</Filter>
    </ClInclude>
    <ClInclude Include="Vector2.hpp">
      <Filter>Engine\Header files</Filter>
    </ClInclude>
    <ClInclude Include="Vector3.hpp">
      <Filter>Engine\Header files</Filter>
    </ClInclude>
    <ClInclude Include="Vector4.hpp">
      <Filter>Engine\Header files</Filter>
    </ClInclude>
    <ClInclude Include="Color.h">
      <Filter>ex_utilities\Header files</Filter>
    </ClInclude>
    <ClInclude Include="MathUtilities.hpp">
      <Filter>ex_utilities\Header files</Filter>
    </ClInclude>
    <ClInclude Include="Palet.h">
      <Filter>ex_utilities\Header files</Filter>
    </ClInclude>
    <ClInclude Include="Asteroid.hpp">
      <Filter>Engine\Header files</Filter>
    </ClInclude>
    <ClInclude Include="Entity.hpp">
      <Filter>Engine\Header files</Filter>
    </ClInclude>
    <ClInclude Include="Bullet.hpp">
      <Filter>Engine\Header files</Filter>
    </ClInclude>
    <ClInclude Include="InputManager.hpp">
      <Filter>ex_utilities\Header files</Filter>
    </ClInclude>
    <ClInclude Include="Missile.hpp">
      <Filter>Engine\Header files</Filter>
    </ClInclude>
    <ClInclude Include="TextRenderer.hpp">
      <Filter>ex_utilities\Header files</Filter>
    </ClInclude>
    <ClInclude Include="GLIncludes.hpp">
      <Filter>ex_utilities\Header files</Filter>
    </ClInclude>
  </ItemGroup>
  <ItemGroup>
    <Filter Include="Engine">
      <UniqueIdentifier>{6f9fb37f-e47b-46c3-8209-dbf486018555}</UniqueIdentifier>
    </Filter>
    <Filter Include="Engine\Source files">
      <UniqueIdentifier>{0a3ec513-922c-4b14-83e3-98e1934fea74}</UniqueIdentifier>
    </Filter>
    <Filter Include="Engine\Header files">
      <UniqueIdentifier>{da8cc683-e66e-46b9-be58-7d0e16e23f76}</UniqueIdentifier>
    </Filter>
    <Filter Include="ex_utilities">
      <UniqueIdentifier>{9e28d188-8087-4ab9-bc7f-f5af838efef6}</UniqueIdentifier>
    </Filter>
    <Filter Include="ex_utilities\Header files">
      <UniqueIdentifier>{d57c0f32-8e4b-45a6-95d8-48366d9a044d}</UniqueIdentifier>
    </Filter>
    <Filter Include="ex_utilities\Source files">
      <UniqueIdentifier>{bbc15ae7-b2d5-48de-859c-cbfbede6e424}</UniqueIdentifier>
    </Filter>
    <Filter Include="sounds">
      <UniqueIdentifier>{9e5408e2-4288-407b-8568-f4f77ee04cf7}</UniqueIdentifier>
    </Filter>
    <Filter Include="fonts">
      <UniqueIdentifier>{3b5e6957-c982-4f79-b192-ee6259639e3d}</UniqueIdentifier>
    </Filter>
  </ItemGroup>
  <ItemGroup>
    <Media Include="sounds\bangLarge.wav">
      <Filter>sounds</Filter>
    </Media>
    <Media Include="sounds\bangMedium.wav">
      <Filter>sounds</Filter>
    </Media>
    <Media Include="sounds\bangSmall.wav">
      <Filter>sounds</Filter>
    </Media>
    <Media Include="sounds\beat1.wav">
      <Filter>sounds</Filter>
    </Media>
    <Media Include="sounds\beat2.wav">
      <Filter>sounds</Filter>
    </Media>
    <Media Include="sounds\coinsound.mp3">
      <Filter>sounds</Filter>
    </Media>
    <Media Include="sounds\explosion.wav">
      <Filter>sounds</Filter>
    </Media>
    <Media Include="sounds\extraShip.wav">
      <Filter>sounds</Filter>
    </Media>
    <Media Include="sounds\fire.wav">
      <Filter>sounds</Filter>
    </Media>
    <Media Include="sounds\megamandeathsound.mp3">
      <Filter>sounds</Filter>
    </Media>
    <Media Include="sounds\quacksoundeffect.mp3">
      <Filter>sounds</Filter>
    </Media>
    <Media Include="sounds\reloadsound.mp3">
      <Filter>sounds</Filter>
    </Media>
    <Media Include="sounds\saucerBig.wav">
      <Filter>sounds</Filter>
    </Media>
    <Media Include="sounds\saucerSmall.wav">
      <Filter>sounds</Filter>
    </Media>
    <Media Include="sounds\thrust.wav">
      <Filter>sounds</Filter>
    </Media>
    <Media Include="sounds\Torpedosound.mp3">
      <Filter>sounds</Filter>
    </Media>
  </ItemGroup>
  <ItemGroup>
    <Font Include="ASTER.TTF">
      <Filter>fonts</Filter>
    </Font>
    <Font Include="font.ttf">
      <Filter>fonts</Filter>
    </Font>
    <Font Include="Hyperspace.ttf">
      <Filter>fonts</Filter>
    </Font>
    <Font Include="Martel-Heavy.ttf">
      <Filter>fonts</Filter>
    </Font>
    <Font Include="MOBYB___.TTF">
      <Filter>fonts</Filter>
    </Font>
    <Font Include="Vectorb.ttf">
      <Filter>fonts</Filter>
    </Font>
  </ItemGroup>
</Project>